
Microsoft Visual Studio Solution File, Format Version 12.00
# Visual Studio Version 17
VisualStudioVersion = 17.6.33723.286
MinimumVisualStudioVersion = 10.0.40219.1
Project("{FAE04EC0-301F-11D3-BF4B-00C04F79EFBC}") = "Handmade Items API", "Handmade Items API\Handmade Items API.csproj", "{12BB0DAD-BF7A-464A-826C-928CEB2FE1F1}"
EndProject
Global
	GlobalSection(SolutionConfigurationPlatforms) = preSolution
		Debug|Any CPU = Debug|Any CPU
		Release|Any CPU = Release|Any CPU
	EndGlobalSection
	GlobalSection(ProjectConfigurationPlatforms) = postSolution
		{12BB0DAD-BF7A-464A-826C-928CEB2FE1F1}.Debug|Any CPU.ActiveCfg = Debug|Any CPU
		{12BB0DAD-BF7A-464A-826C-928CEB2FE1F1}.Debug|Any CPU.Build.0 = Debug|Any CPU
		{12BB0DAD-BF7A-464A-826C-928CEB2FE1F1}.Release|Any CPU.ActiveCfg = Release|Any CPU
		{12BB0DAD-BF7A-464A-826C-928CEB2FE1F1}.Release|Any CPU.Build.0 = Release|Any CPU
	EndGlobalSection
	GlobalSection(SolutionProperties) = preSolution
		HideSolutionNode = FALSE
	EndGlobalSection
	GlobalSection(ExtensibilityGlobals) = postSolution
		SolutionGuid = {8A18E810-5D71-4547-92E4-220A0339B301}
	EndGlobalSection
EndGlobal
